
Microsoft Visual Studio Solution File, Format Version 12.00
# Visual Studio Version 17
VisualStudioVersion = 17.5.33530.505
MinimumVisualStudioVersion = 10.0.40219.1
Project("{FAE04EC0-301F-11D3-BF4B-00C04F79EFBC}") = "Melon-HoneyCome", "Melon-HoneyCome\Melon-HoneyCome.csproj", "{CA71756D-6249-4C27-811A-A9207EF4B939}"
EndProject
Global
	GlobalSection(SolutionConfigurationPlatforms) = preSolution
		Debug|Any CPU = Debug|Any CPU
		Release|Any CPU = Release|Any CPU
	EndGlobalSection
	GlobalSection(ProjectConfigurationPlatforms) = postSolution
		{CA71756D-6249-4C27-811A-A9207EF4B939}.Debug|Any CPU.ActiveCfg = Debug|Any CPU
		{CA71756D-6249-4C27-811A-A9207EF4B939}.Debug|Any CPU.Build.0 = Debug|Any CPU
		{CA71756D-6249-4C27-811A-A9207EF4B939}.Release|Any CPU.ActiveCfg = Release|Any CPU
		{CA71756D-6249-4C27-811A-A9207EF4B939}.Release|Any CPU.Build.0 = Release|Any CPU
	EndGlobalSection
	GlobalSection(SolutionProperties) = preSolution
		HideSolutionNode = FALSE
	EndGlobalSection
	GlobalSection(ExtensibilityGlobals) = postSolution
		SolutionGuid = {4F876A56-FB6F-4909-AC1C-17138D801204}
	EndGlobalSection
EndGlobal
